
Microsoft Visual Studio Solution File, Format Version 12.00
# Visual Studio 15
VisualStudioVersion = 15.0.27130.2036
MinimumVisualStudioVersion = 10.0.40219.1
Project("{FAE04EC0-301F-11D3-BF4B-00C04F79EFBC}") = "TextToHtmlFormatter", "TextToHtmlFormatter\TextToHtmlFormatter.csproj", "{9B37AD6A-85AA-423F-8451-598CFA1038C3}"
EndProject
Global
	GlobalSection(SolutionConfigurationPlatforms) = preSolution
		Debug|Any CPU = Debug|Any CPU
		Release|Any CPU = Release|Any CPU
	EndGlobalSection
	GlobalSection(ProjectConfigurationPlatforms) = postSolution
		{9B37AD6A-85AA-423F-8451-598CFA1038C3}.Debug|Any CPU.ActiveCfg = Debug|Any CPU
		{9B37AD6A-85AA-423F-8451-598CFA1038C3}.Debug|Any CPU.Build.0 = Debug|Any CPU
		{9B37AD6A-85AA-423F-8451-598CFA1038C3}.Release|Any CPU.ActiveCfg = Release|Any CPU
		{9B37AD6A-85AA-423F-8451-598CFA1038C3}.Release|Any CPU.Build.0 = Release|Any CPU
	EndGlobalSection
	GlobalSection(SolutionProperties) = preSolution
		HideSolutionNode = FALSE
	EndGlobalSection
	GlobalSection(ExtensibilityGlobals) = postSolution
		SolutionGuid = {B8BF34C1-A233-4067-88ED-2C03FFD053AA}
	EndGlobalSection
EndGlobal
